[[package]]
category = "main"
description = "Rainbows and unicorns!"
name = "lolcat"
optional = false
python-versions = "*"
version = "1.4"

[[package]]
category = "main"
description = "Make your commit messages lovely"
name = "lolcommitmsg"
optional = false
python-versions = "*"
version = "0.1.0"

[[package]]
category = "main"
description = "Pure-python FIGlet implementation"
name = "pyfiglet"
optional = false
python-versions = "*"
version = "0.8.post1"

[[package]]
category = "main"
description = "Python 3 library for downloading YouTube Videos."
name = "pytube"
optional = false
python-versions = ">=3.6"
version = "10.4.1"

[package.dependencies]
typing-extensions = "*"

[[package]]
category = "main"
description = "Backported and Experimental Type Hints for Python 3.5+"
name = "typing-extensions"
optional = false
python-versions = "*"
version = "3.7.4.3"

[metadata]
content-hash = "ef0a49c7bc1f886454cfa5b1b377d921456c09bcdccc41d1c23c7721f7a570d2"
python-versions = "^3.8"

[metadata.files]
lolcat = [
    {file = "lolcat-1.4-py2-none-any.whl", hash = "sha256:9b2fe5596c446d2fe449c40710c8f99d9866fb7dc5c2762d59dfe7f16f2d936c"},
    {file = "lolcat-1.4.tar.gz", hash = "sha256:c65c2ed768e0bd0a97a7141865a62db6e8d3cd20742288d087f94c5ac86e8954"},
]
lolcommitmsg = [
    {file = "lolcommitmsg-0.1.0.tar.gz", hash = "sha256:4cb7b4148fa37c095fe077553aed5c9178bc17e6747cea522f0a4b0f393942be"},
]
pyfiglet = [
    {file = "pyfiglet-0.8.post1-py2.py3-none-any.whl", hash = "sha256:d555bcea17fbeaf70eaefa48bb119352487e629c9b56f30f383e2c62dd67a01c"},
    {file = "pyfiglet-0.8.post1.tar.gz", hash = "sha256:c6c2321755d09267b438ec7b936825a4910fec696292139e664ca8670e103639"},
]
pytube = [
    {file = "pytube-10.4.1-py3-none-any.whl", hash = "sha256:a93e80476b200d2195cddb24d7707a05fcf9b12a2f50da2fd7daeceebf47452d"},
    {file = "pytube-10.4.1.tar.gz", hash = "sha256:e3a496b049e03a9f2809c28bf562022b0efc9e926f0ec0dd982a083b5b27e344"},
]
typing-extensions = [
    {file = "typing_extensions-3.7.4.3-py2-none-any.whl", hash = "sha256:dafc7639cde7f1b6e1acc0f457842a83e722ccca8eef5270af2d74792619a89f"},
    {file = "typing_extensions-3.7.4.3-py3-none-any.whl", hash = "sha256:7cb407020f00f7bfc3cb3e7881628838e69d8f3fcab2f64742a5e76b2f841918"},
    {file = "typing_extensions-3.7.4.3.tar.gz", hash = "sha256:99d4073b617d30288f569d3f13d2bd7548c3a7e4c8de87db09a9d29bb3a4a60c"},
]
